# THIS IS AN AUTOGENERATED FILE. DO NOT EDIT THIS FILE DIRECTLY.
# yarn lockfile v1


axios@^0.15.3:
  version "0.15.3"
  resolved "https://registry.yarnpkg.com/axios/-/axios-0.15.3.tgz#2c9d638b2e191a08ea1d6cc988eadd6ba5bdc053"
  dependencies:
    follow-redirects "1.0.0"

console.table@^0.7.0:
  version "0.7.0"
  resolved "https://registry.yarnpkg.com/console.table/-/console.table-0.7.0.tgz#5c074bc990529c679095300372fcc2ef620f0ade"
  dependencies:
    easy-table "0.3.0"

debug@^2.2.0:
  version "2.4.4"
  resolved "https://registry.yarnpkg.com/debug/-/debug-2.4.4.tgz#c04d17a654e9202464803f096153f70a6f31f4be"
  dependencies:
    ms "0.7.2"

easy-table@0.3.0:
  version "0.3.0"
  resolved "https://registry.yarnpkg.com/easy-table/-/easy-table-0.3.0.tgz#46f3b04418273a716c2ce8c52f1caca9d0241cb7"

follow-redirects@1.0.0:
  version "1.0.0"
  resolved "https://registry.yarnpkg.com/follow-redirects/-/follow-redirects-1.0.0.tgz#8e34298cbd2e176f254effec75a1c78cc849fd37"
  dependencies:
    debug "^2.2.0"

lodash@^4.17.2:
  version "4.17.2"
  resolved "https://registry.yarnpkg.com/lodash/-/lodash-4.17.2.tgz#34a3055babe04ce42467b607d700072c7ff6bf42"

ms@0.7.2:
  version "0.7.2"
  resolved "https://registry.yarnpkg.com/ms/-/ms-0.7.2.tgz#ae25cf2512b3885a1d95d7f037868d8431124765"
